<?xml version="1.0" encoding="utf-8"?>
<Project ToolsVersion="4.0" xmlns="http://schemas.microsoft.com/developer/msbuild/2003">
  <ItemGroup>
    <Filter Include="源文件">
      <UniqueIdentifier>{4FC737F1-C7A5-4376-A066-2A32D752A2FF}</UniqueIdentifier>
      <Extensions>cpp;c;cc;cxx;def;odl;idl;hpj;bat;asm;asmx</Extensions>
    </Filter>
    <Filter Include="头文件">
      <UniqueIdentifier>{93995380-89BD-4b04-88EB-625FBE52EBFB}</UniqueIdentifier>
      <Extensions>h;hpp;hxx;hm;inl;inc;xsd</Extensions>
    </Filter>
    <Filter Include="资源文件">
      <UniqueIdentifier>{67DA6AB6-F800-4c08-8B7A-83BB121AAD01}</UniqueIdentifier>
      <Extensions>rc;ico;cur;bmp;dlg;rc2;rct;bin;rgs;gif;jpg;jpeg;jpe;resx;tiff;tif;png;wav;mfcribbon-ms</Extensions>
    </Filter>
  </ItemGroup>
  <ItemGroup>
    <ClInclude Include="resource.h">
      <Filter>头文件</Filter>
    </ClInclude>
    <ClInclude Include="player.inc">
      <Filter>头文件</Filter>
    </ClInclude>
  </ItemGroup>
  <ItemGroup>
    <ResourceCompile Include="Resource.rc">
      <Filter>资源文件</Filter>
    </ResourceCompile>
  </ItemGroup>
  <ItemGroup>
    <Image Include="icon1.ico">
      <Filter>资源文件</Filter>
    </Image>
    <Image Include="res\texture1.bmp">
      <Filter>资源文件</Filter>
    </Image>
    <Image Include="res\texture2.bmp">
      <Filter>资源文件</Filter>
    </Image>
    <Image Include="res\sky.bmp">
      <Filter>资源文件</Filter>
    </Image>
    <Image Include="res\texture3.bmp">
      <Filter>资源文件</Filter>
    </Image>
    <Image Include="res\caco.bmp">
      <Filter>资源文件</Filter>
    </Image>
    <Image Include="res\bitmap1.bmp">
      <Filter>资源文件</Filter>
    </Image>
    <Image Include="res\shotgun_0.bmp">
      <Filter>资源文件</Filter>
    </Image>
    <Image Include="res\shotgun_1.bmp">
      <Filter>资源文件</Filter>
    </Image>
    <Image Include="res\shotgun_2.bmp">
      <Filter>资源文件</Filter>
    </Image>
    <Image Include="res\shotgun_3.bmp">
      <Filter>资源文件</Filter>
    </Image>
    <Image Include="res\shotgun_4.bmp">
      <Filter>资源文件</Filter>
    </Image>
    <Image Include="res\shotgun_5.bmp">
      <Filter>资源文件</Filter>
    </Image>
    <Image Include="res\caco_0.bmp">
      <Filter>资源文件</Filter>
    </Image>
    <Image Include="res\caco_1.bmp">
      <Filter>资源文件</Filter>
    </Image>
    <Image Include="res\caco_2.bmp">
      <Filter>资源文件</Filter>
    </Image>
    <Image Include="res\caco_3.bmp">
      <Filter>资源文件</Filter>
    </Image>
    <Image Include="res\caco_4.bmp">
      <Filter>资源文件</Filter>
    </Image>
    <Image Include="res\caco_5.bmp">
      <Filter>资源文件</Filter>
    </Image>
    <Image Include="res\caco_6.bmp">
      <Filter>资源文件</Filter>
    </Image>
    <Image Include="res\caco_7.bmp">
      <Filter>资源文件</Filter>
    </Image>
    <Image Include="res\game_over.bmp">
      <Filter>资源文件</Filter>
    </Image>
    <Image Include="res\num_0.bmp">
      <Filter>资源文件</Filter>
    </Image>
    <Image Include="res\num_1.bmp">
      <Filter>资源文件</Filter>
    </Image>
    <Image Include="res\num_2.bmp">
      <Filter>资源文件</Filter>
    </Image>
    <Image Include="res\num_3.bmp">
      <Filter>资源文件</Filter>
    </Image>
    <Image Include="res\num_4.bmp">
      <Filter>资源文件</Filter>
    </Image>
    <Image Include="res\num_5.bmp">
      <Filter>资源文件</Filter>
    </Image>
    <Image Include="res\num_6.bmp">
      <Filter>资源文件</Filter>
    </Image>
    <Image Include="res\num_7.bmp">
      <Filter>资源文件</Filter>
    </Image>
    <Image Include="res\num_8.bmp">
      <Filter>资源文件</Filter>
    </Image>
    <Image Include="res\num_9.bmp">
      <Filter>资源文件</Filter>
    </Image>
    <Image Include="res\num_percent.bmp">
      <Filter>资源文件</Filter>
    </Image>
    <Image Include="res\win.bmp">
      <Filter>资源文件</Filter>
    </Image>
    <Image Include="res\caco_attack.bmp">
      <Filter>资源文件</Filter>
    </Image>
    <Image Include="res\caco_death.bmp">
      <Filter>资源文件</Filter>
    </Image>
    <Image Include="res\caco_hurt.bmp">
      <Filter>资源文件</Filter>
    </Image>
    <Image Include="res\index.bmp">
      <Filter>资源文件</Filter>
    </Image>
    <Image Include="res\index2.bmp">
      <Filter>资源文件</Filter>
    </Image>
    <Image Include="res\cuco.bmp">
      <Filter>资源文件</Filter>
    </Image>
    <Image Include="res\cuco_0.bmp">
      <Filter>资源文件</Filter>
    </Image>
    <Image Include="res\cuco_1.bmp">
      <Filter>资源文件</Filter>
    </Image>
    <Image Include="res\cuco_2.bmp">
      <Filter>资源文件</Filter>
    </Image>
    <Image Include="res\cuco_3.bmp">
      <Filter>资源文件</Filter>
    </Image>
    <Image Include="res\cuco_4.bmp">
      <Filter>资源文件</Filter>
    </Image>
    <Image Include="res\cuco_5.bmp">
      <Filter>资源文件</Filter>
    </Image>
    <Image Include="res\cuco_6.bmp">
      <Filter>资源文件</Filter>
    </Image>
    <Image Include="res\cuco_7.bmp">
      <Filter>资源文件</Filter>
    </Image>
    <Image Include="res\cuco_attack.bmp">
      <Filter>资源文件</Filter>
    </Image>
    <Image Include="res\cuco_death.bmp">
      <Filter>资源文件</Filter>
    </Image>
    <Image Include="res\cuco_hurt.bmp">
      <Filter>资源文件</Filter>
    </Image>
    <Image Include="res\coco.bmp">
      <Filter>资源文件</Filter>
    </Image>
    <Image Include="res\coco_0.bmp">
      <Filter>资源文件</Filter>
    </Image>
    <Image Include="res\coco_1.bmp">
      <Filter>资源文件</Filter>
    </Image>
    <Image Include="res\coco_2.bmp">
      <Filter>资源文件</Filter>
    </Image>
    <Image Include="res\coco_3.bmp">
      <Filter>资源文件</Filter>
    </Image>
    <Image Include="res\coco_4.bmp">
      <Filter>资源文件</Filter>
    </Image>
    <Image Include="res\coco_5.bmp">
      <Filter>资源文件</Filter>
    </Image>
    <Image Include="res\coco_6.bmp">
      <Filter>资源文件</Filter>
    </Image>
    <Image Include="res\coco_7.bmp">
      <Filter>资源文件</Filter>
    </Image>
    <Image Include="res\coco_attack.bmp">
      <Filter>资源文件</Filter>
    </Image>
    <Image Include="res\coco_death.bmp">
      <Filter>资源文件</Filter>
    </Image>
    <Image Include="res\coco_hurt.bmp">
      <Filter>资源文件</Filter>
    </Image>
    <Image Include="res\next_stage.bmp">
      <Filter>资源文件</Filter>
    </Image>
  </ItemGroup>
  <ItemGroup>
    <MASM Include="main.asm">
      <Filter>源文件</Filter>
    </MASM>
    <MASM Include="draw.asm">
      <Filter>源文件</Filter>
    </MASM>
    <MASM Include="player.asm">
      <Filter>源文件</Filter>
    </MASM>
    <MASM Include="map.asm">
      <Filter>源文件</Filter>
    </MASM>
    <MASM Include="config.asm">
      <Filter>源文件</Filter>
    </MASM>
    <MASM Include="sprite.asm">
      <Filter>源文件</Filter>
    </MASM>
    <MASM Include="weapon.asm">
      <Filter>源文件</Filter>
    </MASM>
    <MASM Include="sound.asm">
      <Filter>源文件</Filter>
    </MASM>
    <MASM Include="queue.asm">
      <Filter>源文件</Filter>
    </MASM>
  </ItemGroup>
  <ItemGroup>
    <None Include="draw.inc">
      <Filter>头文件</Filter>
    </None>
    <None Include="config.inc">
      <Filter>头文件</Filter>
    </None>
    <None Include="map.inc">
      <Filter>头文件</Filter>
    </None>
    <None Include="sprite.inc">
      <Filter>头文件</Filter>
    </None>
    <None Include="weapon.inc">
      <Filter>头文件</Filter>
    </None>
    <None Include="sound.inc">
      <Filter>头文件</Filter>
    </None>
    <None Include="queue.inc">
      <Filter>头文件</Filter>
    </None>
  </ItemGroup>
</Project>